
Microsoft Visual Studio Solution File, Format Version 12.00
# Visual Studio Version 17
VisualStudioVersion = 17.5.33318.248
MinimumVisualStudioVersion = 10.0.40219.1
Project("{9A19103F-16F7-4668-BE54-9A1E7A4F7556}") = "HelloGenerator", "HelloGenerator.csproj", "{7CDCC82F-7C8D-4548-A48A-752B7E65BFCD}"
EndProject
Global
	GlobalSection(SolutionConfigurationPlatforms) = preSolution
		Debug|Any CPU = Debug|Any CPU
		Release|Any CPU = Release|Any CPU
	EndGlobalSection
	GlobalSection(ProjectConfigurationPlatforms) = postSolution
		{7CDCC82F-7C8D-4548-A48A-752B7E65BFCD}.Debug|Any CPU.ActiveCfg = Debug|Any CPU
		{7CDCC82F-7C8D-4548-A48A-752B7E65BFCD}.Debug|Any CPU.Build.0 = Debug|Any CPU
		{7CDCC82F-7C8D-4548-A48A-752B7E65BFCD}.Release|Any CPU.ActiveCfg = Release|Any CPU
		{7CDCC82F-7C8D-4548-A48A-752B7E65BFCD}.Release|Any CPU.Build.0 = Release|Any CPU
	EndGlobalSection
	GlobalSection(SolutionProperties) = preSolution
		HideSolutionNode = FALSE
	EndGlobalSection
	GlobalSection(ExtensibilityGlobals) = postSolution
		SolutionGuid = {7AF3ADEF-C7DA-4DBD-A979-7E9CA00D92BA}
	EndGlobalSection
EndGlobal
